github.com/urfave/cli/v3 v3.1.1 h1:bNnl8pFI5dxPOjeONvFCDFoECLQsceDG4ejahs4Jtxk=
github.com/urfave/cli/v3 v3.1.1/go.mod h1:FJSKtM/9AiiTOJL4fJ6TbMUkxBXn7GO9guZqoZtpYpo=
golang.org/x/sys v0.18.0/go.mod h1:/VUhepiaJMQUp4+oa/7Zr1D23ma6VTLIYjOOTFZPUcA=
golang.org/x/sys v0.31.0/go.mod h1:BJP2sWEmIv4KK5OTEluFJCKSidICx8ciO85XgH3Ak8k=
